// !$*UTF8*$!
{
	archiveVersion = 1;
	classes = {
	};
	objectVersion = 46;
	objects = {

/* Begin PBXBuildFile section */
		4607FD42A633FD47C28570FD /* Pods_HackerBooks.framework in Frameworks */ = {isa = PBXBuildFile; fileRef = C0037E00657634A611EC1EDE /* Pods_HackerBooks.framework */; };
		C16A150D1EC0516C00060F2D /* Book.swift in Sources */ = {isa = PBXBuildFile; fileRef = C16A150C1EC0516C00060F2D /* Book.swift */; };
		C16A150F1EC0952700060F2D /* Library.swift in Sources */ = {isa = PBXBuildFile; fileRef = C16A150E1EC0952700060F2D /* Library.swift */; };
		C16A15111EC0C28700060F2D /* LibraryTableViewController.swift in Sources */ = {isa = PBXBuildFile; fileRef = C16A15101EC0C28700060F2D /* LibraryTableViewController.swift */; };
		C16A15131EC0CA7F00060F2D /* utils.swift in Sources */ = {isa = PBXBuildFile; fileRef = C16A15121EC0CA7F00060F2D /* utils.swift */; };
		C16A15161EC0D14600060F2D /* LibraryTableViewCell.swift in Sources */ = {isa = PBXBuildFile; fileRef = C16A15141EC0D14600060F2D /* LibraryTableViewCell.swift */; };
		C16A15171EC0D14600060F2D /* LibraryTableViewCell.xib in Resources */ = {isa = PBXBuildFile; fileRef = C16A15151EC0D14600060F2D /* LibraryTableViewCell.xib */; };
		C16A151B1EC0E49C00060F2D /* BookTests.swift in Sources */ = {isa = PBXBuildFile; fileRef = C16A151A1EC0E49C00060F2D /* BookTests.swift */; };
		C16A151E1EC0EEEF00060F2D /* BookViewController.swift in Sources */ = {isa = PBXBuildFile; fileRef = C16A151C1EC0EEEF00060F2D /* BookViewController.swift */; };
		C16A151F1EC0EEEF00060F2D /* BookViewController.xib in Resources */ = {isa = PBXBuildFile; fileRef = C16A151D1EC0EEEF00060F2D /* BookViewController.xib */; };
		C16A15221EC11AAE00060F2D /* PDFViewController.swift in Sources */ = {isa = PBXBuildFile; fileRef = C16A15201EC11AAE00060F2D /* PDFViewController.swift */; };
		C16A15231EC11AAE00060F2D /* PDFViewController.xib in Resources */ = {isa = PBXBuildFile; fileRef = C16A15211EC11AAE00060F2D /* PDFViewController.xib */; };
		C1CC04681EC042D4004C4537 /* AppDelegate.swift in Sources */ = {isa = PBXBuildFile; fileRef = C1CC04671EC042D4004C4537 /* AppDelegate.swift */; };
		C1CC046F1EC042D5004C4537 /* Assets.xcassets in Resources */ = {isa = PBXBuildFile; fileRef = C1CC046E1EC042D5004C4537 /* Assets.xcassets */; };
		C1CC04721EC042D5004C4537 /* LaunchScreen.storyboard in Resources */ = {isa = PBXBuildFile; fileRef = C1CC04701EC042D5004C4537 /* LaunchScreen.storyboard */; };
/* End PBXBuildFile section */

/* Begin PBXContainerItemProxy section */
		C1CC04791EC042D5004C4537 /* PBXContainerItemProxy */ = {
			isa = PBXContainerItemProxy;
			containerPortal = C1CC045C1EC042D4004C4537 /* Project object */;
			proxyType = 1;
			remoteGlobalIDString = C1CC04631EC042D4004C4537;
			remoteInfo = HackerBooks;
		};
/* End PBXContainerItemProxy section */

/* Begin PBXFileReference section */
		16622F4163996F7413BBD792 /* Pods-HackerBooks.debug.xcconfig */ = {isa = PBXFileReference; includeInIndex = 1; lastKnownFileType = text.xcconfig; name = "Pods-HackerBooks.debug.xcconfig"; path = "Pods/Target Support Files/Pods-HackerBooks/Pods-HackerBooks.debug.xcconfig"; sourceTree = "<group>"; };
		276F1C05E3CA6374F7E47E64 /* Pods-HackerBooks.release.xcconfig */ = {isa = PBXFileReference; includeInIndex = 1; lastKnownFileType = text.xcconfig; name = "Pods-HackerBooks.release.xcconfig"; path = "Pods/Target Support Files/Pods-HackerBooks/Pods-HackerBooks.release.xcconfig"; sourceTree = "<group>"; };
		C0037E00657634A611EC1EDE /* Pods_HackerBooks.framework */ = {isa = PBXFileReference; explicitFileType = wrapper.framework; includeInIndex = 0; path = Pods_HackerBooks.framework; sourceTree = BUILT_PRODUCTS_DIR; };
		C16A150C1EC0516C00060F2D /* Book.swift */ = {isa = PBXFileReference; fileEncoding = 4; lastKnownFileType = sourcecode.swift; name = Book.swift; path = App/Model/Book.swift; sourceTree = "<group>"; };
		C16A150E1EC0952700060F2D /* Library.swift */ = {isa = PBXFileReference; fileEncoding = 4; lastKnownFileType = sourcecode.swift; name = Library.swift; path = App/Model/Library.swift; sourceTree = "<group>"; };
		C16A15101EC0C28700060F2D /* LibraryTableViewController.swift */ = {isa = PBXFileReference; fileEncoding = 4; lastKnownFileType = sourcecode.swift; name = LibraryTableViewController.swift; path = App/Controllers/LibraryTableViewController.swift; sourceTree = "<group>"; };
		C16A15121EC0CA7F00060F2D /* utils.swift */ = {isa = PBXFileReference; fileEncoding = 4; lastKnownFileType = sourcecode.swift; name = utils.swift; path = App/utils.swift; sourceTree = "<group>"; };
		C16A15141EC0D14600060F2D /* LibraryTableViewCell.swift */ = {isa = PBXFileReference; fileEncoding = 4; lastKnownFileType = sourcecode.swift; name = LibraryTableViewCell.swift; path = App/Views/LibraryTableViewCell.swift; sourceTree = "<group>"; };
		C16A15151EC0D14600060F2D /* LibraryTableViewCell.xib */ = {isa = PBXFileReference; fileEncoding = 4; lastKnownFileType = file.xib; name = LibraryTableViewCell.xib; path = App/Views/LibraryTableViewCell.xib; sourceTree = "<group>"; };
		C16A151A1EC0E49C00060F2D /* BookTests.swift */ = {isa = PBXFileReference; fileEncoding = 4; lastKnownFileType = sourcecode.swift; name = BookTests.swift; path = App/Model/BookTests.swift; sourceTree = "<group>"; };
		C16A151C1EC0EEEF00060F2D /* BookViewController.swift */ = {isa = PBXFileReference; fileEncoding = 4; lastKnownFileType = sourcecode.swift; name = BookViewController.swift; path = App/Controllers/BookViewController.swift; sourceTree = "<group>"; };
		C16A151D1EC0EEEF00060F2D /* BookViewController.xib */ = {isa = PBXFileReference; fileEncoding = 4; lastKnownFileType = file.xib; name = BookViewController.xib; path = App/Controllers/BookViewController.xib; sourceTree = "<group>"; };
		C16A15201EC11AAE00060F2D /* PDFViewController.swift */ = {isa = PBXFileReference; fileEncoding = 4; lastKnownFileType = sourcecode.swift; name = PDFViewController.swift; path = App/Controllers/PDFViewController.swift; sourceTree = "<group>"; };
		C16A15211EC11AAE00060F2D /* PDFViewController.xib */ = {isa = PBXFileReference; fileEncoding = 4; lastKnownFileType = file.xib; name = PDFViewController.xib; path = App/Controllers/PDFViewController.xib; sourceTree = "<group>"; };
		C1CC04641EC042D4004C4537 /* HackerBooks.app */ = {isa = PBXFileReference; explicitFileType = wrapper.application; includeInIndex = 0; path = HackerBooks.app; sourceTree = BUILT_PRODUCTS_DIR; };
		C1CC04671EC042D4004C4537 /* AppDelegate.swift */ = {isa = PBXFileReference; lastKnownFileType = sourcecode.swift; path = AppDelegate.swift; sourceTree = "<group>"; };
		C1CC046E1EC042D5004C4537 /* Assets.xcassets */ = {isa = PBXFileReference; lastKnownFileType = folder.assetcatalog; path = Assets.xcassets; sourceTree = "<group>"; };
		C1CC04711EC042D5004C4537 /* Base */ = {isa = PBXFileReference; lastKnownFileType = file.storyboard; name = Base; path = Base.lproj/LaunchScreen.storyboard; sourceTree = "<group>"; };
		C1CC04731EC042D5004C4537 /* Info.plist */ = {isa = PBXFileReference; lastKnownFileType = text.plist.xml; path = Info.plist; sourceTree = "<group>"; };
		C1CC04781EC042D5004C4537 /* HackerBooksTests.xctest */ = {isa = PBXFileReference; explicitFileType = wrapper.cfbundle; includeInIndex = 0; path = HackerBooksTests.xctest; sourceTree = BUILT_PRODUCTS_DIR; };
		C1CC047E1EC042D5004C4537 /* Info.plist */ = {isa = PBXFileReference; lastKnownFileType = text.plist.xml; path = Info.plist; sourceTree = "<group>"; };
/* End PBXFileReference section */

/* Begin PBXFrameworksBuildPhase section */
		C1CC04611EC042D4004C4537 /* Frameworks */ = {
			isa = PBXFrameworksBuildPhase;
			buildActionMask = 2147483647;
			files = (
				4607FD42A633FD47C28570FD /* Pods_HackerBooks.framework in Frameworks */,
			);
			runOnlyForDeploymentPostprocessing = 0;
		};
		C1CC04751EC042D5004C4537 /* Frameworks */ = {
			isa = PBXFrameworksBuildPhase;
			buildActionMask = 2147483647;
			files = (
			);
			runOnlyForDeploymentPostprocessing = 0;
		};
/* End PBXFrameworksBuildPhase section */

/* Begin PBXGroup section */
		B0FC4F58B64E124557992983 /* Pods */ = {
			isa = PBXGroup;
			children = (
				16622F4163996F7413BBD792 /* Pods-HackerBooks.debug.xcconfig */,
				276F1C05E3CA6374F7E47E64 /* Pods-HackerBooks.release.xcconfig */,
			);
			name = Pods;
			sourceTree = "<group>";
		};
		C16A15181EC0E47200060F2D /* App */ = {
			isa = PBXGroup;
			children = (
				C16A15191EC0E47C00060F2D /* Model */,
			);
			name = App;
			sourceTree = "<group>";
		};
		C16A15191EC0E47C00060F2D /* Model */ = {
			isa = PBXGroup;
			children = (
				C16A151A1EC0E49C00060F2D /* BookTests.swift */,
			);
			name = Model;
			sourceTree = "<group>";
		};
		C1CC045B1EC042D4004C4537 = {
			isa = PBXGroup;
			children = (
				C1CC04661EC042D4004C4537 /* HackerBooks */,
				C1CC047B1EC042D5004C4537 /* HackerBooksTests */,
				C1CC04651EC042D4004C4537 /* Products */,
				B0FC4F58B64E124557992983 /* Pods */,
				E17E07C33C2E224DFB987A59 /* Frameworks */,
			);
			sourceTree = "<group>";
		};
		C1CC04651EC042D4004C4537 /* Products */ = {
			isa = PBXGroup;
			children = (
				C1CC04641EC042D4004C4537 /* HackerBooks.app */,
				C1CC04781EC042D5004C4537 /* HackerBooksTests.xctest */,
			);
			name = Products;
			sourceTree = "<group>";
		};
		C1CC04661EC042D4004C4537 /* HackerBooks */ = {
			isa = PBXGroup;
			children = (
				C1CC04871EC04381004C4537 /* App */,
				C1CC04671EC042D4004C4537 /* AppDelegate.swift */,
				C1CC046E1EC042D5004C4537 /* Assets.xcassets */,
				C1CC04701EC042D5004C4537 /* LaunchScreen.storyboard */,
				C1CC04731EC042D5004C4537 /* Info.plist */,
			);
			path = HackerBooks;
			sourceTree = "<group>";
		};
		C1CC047B1EC042D5004C4537 /* HackerBooksTests */ = {
			isa = PBXGroup;
			children = (
				C16A15181EC0E47200060F2D /* App */,
				C1CC047E1EC042D5004C4537 /* Info.plist */,
			);
			path = HackerBooksTests;
			sourceTree = "<group>";
		};
		C1CC04871EC04381004C4537 /* App */ = {
			isa = PBXGroup;
			children = (
				C1CC04881EC04387004C4537 /* Views */,
				C1CC04891EC0438E004C4537 /* Controllers */,
				C1CC048A1EC0439B004C4537 /* Model */,
				C16A15121EC0CA7F00060F2D /* utils.swift */,
			);
			name = App;
			sourceTree = "<group>";
		};
		C1CC04881EC04387004C4537 /* Views */ = {
			isa = PBXGroup;
			children = (
				C16A15141EC0D14600060F2D /* LibraryTableViewCell.swift */,
				C16A15151EC0D14600060F2D /* LibraryTableViewCell.xib */,
			);
			name = Views;
			sourceTree = "<group>";
		};
		C1CC04891EC0438E004C4537 /* Controllers */ = {
			isa = PBXGroup;
			children = (
				C16A15101EC0C28700060F2D /* LibraryTableViewController.swift */,
				C16A151C1EC0EEEF00060F2D /* BookViewController.swift */,
				C16A151D1EC0EEEF00060F2D /* BookViewController.xib */,
				C16A15201EC11AAE00060F2D /* PDFViewController.swift */,
				C16A15211EC11AAE00060F2D /* PDFViewController.xib */,
			);
			name = Controllers;
			sourceTree = "<group>";
		};
		C1CC048A1EC0439B004C4537 /* Model */ = {
			isa = PBXGroup;
			children = (
				C16A150C1EC0516C00060F2D /* Book.swift */,
				C16A150E1EC0952700060F2D /* Library.swift */,
			);
			name = Model;
			sourceTree = "<group>";
		};
		E17E07C33C2E224DFB987A59 /* Frameworks */ = {
			isa = PBXGroup;
			children = (
				C0037E00657634A611EC1EDE /* Pods_HackerBooks.framework */,
			);
			name = Frameworks;
			sourceTree = "<group>";
		};
/* End PBXGroup section */

/* Begin PBXNativeTarget section */
		C1CC04631EC042D4004C4537 /* HackerBooks */ = {
			isa = PBXNativeTarget;
			buildConfigurationList = C1CC04811EC042D5004C4537 /* Build configuration list for PBXNativeTarget "HackerBooks" */;
			buildPhases = (
				0D5E0D6058CBFC0B9DEBC9E6 /* [CP] Check Pods Manifest.lock */,
				C1CC04601EC042D4004C4537 /* Sources */,
				C1CC04611EC042D4004C4537 /* Frameworks */,
				C1CC04621EC042D4004C4537 /* Resources */,
				0B93543FFCCB05125A5DF3F8 /* [CP] Embed Pods Frameworks */,
				1FC01142D0421DED783DF212 /* [CP] Copy Pods Resources */,
			);
			buildRules = (
			);
			dependencies = (
			);
			name = HackerBooks;
			productName = HackerBooks;
			productReference = C1CC04641EC042D4004C4537 /* HackerBooks.app */;
			productType = "com.apple.product-type.application";
		};
		C1CC04771EC042D5004C4537 /* HackerBooksTests */ = {
			isa = PBXNativeTarget;
			buildConfigurationList = C1CC04841EC042D5004C4537 /* Build configuration list for PBXNativeTarget "HackerBooksTests" */;
			buildPhases = (
				C1CC04741EC042D5004C4537 /* Sources */,
				C1CC04751EC042D5004C4537 /* Frameworks */,
				C1CC04761EC042D5004C4537 /* Resources */,
			);
			buildRules = (
			);
			dependencies = (
				C1CC047A1EC042D5004C4537 /* PBXTargetDependency */,
			);
			name = HackerBooksTests;
			productName = HackerBooksTests;
			productReference = C1CC04781EC042D5004C4537 /* HackerBooksTests.xctest */;
			productType = "com.apple.product-type.bundle.unit-test";
		};
/* End PBXNativeTarget section */

/* Begin PBXProject section */
		C1CC045C1EC042D4004C4537 /* Project object */ = {
			isa = PBXProject;
			attributes = {
				LastSwiftUpdateCheck = 0830;
				LastUpgradeCheck = 0830;
				ORGANIZATIONNAME = "Francisco Solano Gómez Pino";
				TargetAttributes = {
					C1CC04631EC042D4004C4537 = {
						CreatedOnToolsVersion = 8.3.2;
						DevelopmentTeam = 8Y8DX8Q88R;
						ProvisioningStyle = Manual;
					};
					C1CC04771EC042D5004C4537 = {
						CreatedOnToolsVersion = 8.3.2;
						DevelopmentTeam = 8Y8DX8Q88R;
						ProvisioningStyle = Automatic;
						TestTargetID = C1CC04631EC042D4004C4537;
					};
				};
			};
			buildConfigurationList = C1CC045F1EC042D4004C4537 /* Build configuration list for PBXProject "HackerBooks" */;
			compatibilityVersion = "Xcode 3.2";
			developmentRegion = English;
			hasScannedForEncodings = 0;
			knownRegions = (
				en,
				Base,
			);
			mainGroup = C1CC045B1EC042D4004C4537;
			productRefGroup = C1CC04651EC042D4004C4537 /* Products */;
			projectDirPath = "";
			projectRoot = "";
			targets = (
				C1CC04631EC042D4004C4537 /* HackerBooks */,
				C1CC04771EC042D5004C4537 /* HackerBooksTests */,
			);
		};
/* End PBXProject section */

/* Begin PBXResourcesBuildPhase section */
		C1CC04621EC042D4004C4537 /* Resources */ = {
			isa = PBXResourcesBuildPhase;
			buildActionMask = 2147483647;
			files = (
				C16A15231EC11AAE00060F2D /* PDFViewController.xib in Resources */,
				C1CC04721EC042D5004C4537 /* LaunchScreen.storyboard in Resources */,
				C16A151F1EC0EEEF00060F2D /* BookViewController.xib in Resources */,
				C1CC046F1EC042D5004C4537 /* Assets.xcassets in Resources */,
				C16A15171EC0D14600060F2D /* LibraryTableViewCell.xib in Resources */,
			);
			runOnlyForDeploymentPostprocessing = 0;
		};
		C1CC04761EC042D5004C4537 /* Resources */ = {
			isa = PBXResourcesBuildPhase;
			buildActionMask = 2147483647;
			files = (
			);
			runOnlyForDeploymentPostprocessing = 0;
		};
/* End PBXResourcesBuildPhase section */

/* Begin PBXShellScriptBuildPhase section */
		0B93543FFCCB05125A5DF3F8 /* [CP] Embed Pods Frameworks */ = {
			isa = PBXShellScriptBuildPhase;
			buildActionMask = 2147483647;
			files = (
			);
			inputPaths = (
			);
			name = "[CP] Embed Pods Frameworks";
			outputPaths = (
			);
			runOnlyForDeploymentPostprocessing = 0;
			shellPath = /bin/sh;
			shellScript = "\"${SRCROOT}/Pods/Target Support Files/Pods-HackerBooks/Pods-HackerBooks-frameworks.sh\"\n";
			showEnvVarsInLog = 0;
		};
		0D5E0D6058CBFC0B9DEBC9E6 /* [CP] Check Pods Manifest.lock */ = {
			isa = PBXShellScriptBuildPhase;
			buildActionMask = 2147483647;
			files = (
			);
			inputPaths = (
			);
			name = "[CP] Check Pods Manifest.lock";
			outputPaths = (
			);
			runOnlyForDeploymentPostprocessing = 0;
			shellPath = /bin/sh;
			shellScript = "diff \"${PODS_PODFILE_DIR_PATH}/Podfile.lock\" \"${PODS_ROOT}/Manifest.lock\" > /dev/null\nif [ $? != 0 ] ; then\n    # print error to STDERR\n    echo \"error: The sandbox is not in sync with the Podfile.lock. Run 'pod install' or update your CocoaPods installation.\" >&2\n    exit 1\nfi\n";
			showEnvVarsInLog = 0;
		};
		1FC01142D0421DED783DF212 /* [CP] Copy Pods Resources */ = {
			isa = PBXShellScriptBuildPhase;
			buildActionMask = 2147483647;
			files = (
			);
			inputPaths = (
			);
			name = "[CP] Copy Pods Resources";
			outputPaths = (
			);
			runOnlyForDeploymentPostprocessing = 0;
			shellPath = /bin/sh;
			shellScript = "\"${SRCROOT}/Pods/Target Support Files/Pods-HackerBooks/Pods-HackerBooks-resources.sh\"\n";
			showEnvVarsInLog = 0;
		};
/* End PBXShellScriptBuildPhase section */

/* Begin PBXSourcesBuildPhase section */
		C1CC04601EC042D4004C4537 /* Sources */ = {
			isa = PBXSourcesBuildPhase;
			buildActionMask = 2147483647;
			files = (
				C16A15131EC0CA7F00060F2D /* utils.swift in Sources */,
				C16A150D1EC0516C00060F2D /* Book.swift in Sources */,
				C1CC04681EC042D4004C4537 /* AppDelegate.swift in Sources */,
				C16A15221EC11AAE00060F2D /* PDFViewController.swift in Sources */,
				C16A151E1EC0EEEF00060F2D /* BookViewController.swift in Sources */,
				C16A15111EC0C28700060F2D /* LibraryTableViewController.swift in Sources */,
				C16A150F1EC0952700060F2D /* Library.swift in Sources */,
				C16A15161EC0D14600060F2D /* LibraryTableViewCell.swift in Sources */,
			);
			runOnlyForDeploymentPostprocessing = 0;
		};
		C1CC04741EC042D5004C4537 /* Sources */ = {
			isa = PBXSourcesBuildPhase;
			buildActionMask = 2147483647;
			files = (
				C16A151B1EC0E49C00060F2D /* BookTests.swift in Sources */,
			);
			runOnlyForDeploymentPostprocessing = 0;
		};
/* End PBXSourcesBuildPhase section */

/* Begin PBXTargetDependency section */
		C1CC047A1EC042D5004C4537 /* PBXTargetDependency */ = {
			isa = PBXTargetDependency;
			target = C1CC04631EC042D4004C4537 /* HackerBooks */;
			targetProxy = C1CC04791EC042D5004C4537 /* PBXContainerItemProxy */;
		};
/* End PBXTargetDependency section */

/* Begin PBXVariantGroup section */
		C1CC04701EC042D5004C4537 /* LaunchScreen.storyboard */ = {
			isa = PBXVariantGroup;
			children = (
				C1CC04711EC042D5004C4537 /* Base */,
			);
			name = LaunchScreen.storyboard;
			sourceTree = "<group>";
		};
/* End PBXVariantGroup section */

/* Begin XCBuildConfiguration section */
		C1CC047F1EC042D5004C4537 /* Debug */ = {
			isa = XCBuildConfiguration;
			buildSettings = {
				ALWAYS_SEARCH_USER_PATHS = NO;
				CLANG_ANALYZER_NONNULL = YES;
				CLANG_ANALYZER_NUMBER_OBJECT_CONVERSION = YES_AGGRESSIVE;
				CLANG_CXX_LANGUAGE_STANDARD = "gnu++0x";
				CLANG_CXX_LIBRARY = "libc++";
				CLANG_ENABLE_MODULES = YES;
				CLANG_ENABLE_OBJC_ARC = YES;
				CLANG_WARN_BOOL_CONVERSION = YES;
				CLANG_WARN_CONSTANT_CONVERSION = YES;
				CLANG_WARN_DIRECT_OBJC_ISA_USAGE = YES_ERROR;
				CLANG_WARN_DOCUMENTATION_COMMENTS = YES;
				CLANG_WARN_EMPTY_BODY = YES;
				CLANG_WARN_ENUM_CONVERSION = YES;
				CLANG_WARN_INFINITE_RECURSION = YES;
				CLANG_WARN_INT_CONVERSION = YES;
				CLANG_WARN_OBJC_ROOT_CLASS = YES_ERROR;
				CLANG_WARN_SUSPICIOUS_MOVE = YES;
				CLANG_WARN_UNREACHABLE_CODE = YES;
				CLANG_WARN__DUPLICATE_METHOD_MATCH = YES;
				"CODE_SIGN_IDENTITY[sdk=iphoneos*]" = "iPhone Developer";
				COPY_PHASE_STRIP = NO;
				DEBUG_INFORMATION_FORMAT = dwarf;
				ENABLE_STRICT_OBJC_MSGSEND = YES;
				ENABLE_TESTABILITY = YES;
				GCC_C_LANGUAGE_STANDARD = gnu99;
				GCC_DYNAMIC_NO_PIC = NO;
				GCC_NO_COMMON_BLOCKS = YES;
				GCC_OPTIMIZATION_LEVEL = 0;
				GCC_PREPROCESSOR_DEFINITIONS = (
					"DEBUG=1",
					"$(inherited)",
				);
				GCC_WARN_64_TO_32_BIT_CONVERSION = YES;
				GCC_WARN_ABOUT_RETURN_TYPE = YES_ERROR;
				GCC_WARN_UNDECLARED_SELECTOR = YES;
				GCC_WARN_UNINITIALIZED_AUTOS = YES_AGGRESSIVE;
				GCC_WARN_UNUSED_FUNCTION = YES;
				GCC_WARN_UNUSED_VARIABLE = YES;
				IPHONEOS_DEPLOYMENT_TARGET = 10.3;
				MTL_ENABLE_DEBUG_INFO = YES;
				ONLY_ACTIVE_ARCH = YES;
				SDKROOT = iphoneos;
				SWIFT_ACTIVE_COMPILATION_CONDITIONS = DEBUG;
				SWIFT_OPTIMIZATION_LEVEL = "-Onone";
				TARGETED_DEVICE_FAMILY = "1,2";
			};
			name = Debug;
		};
		C1CC04801EC042D5004C4537 /* Release */ = {
			isa = XCBuildConfiguration;
			buildSettings = {
				ALWAYS_SEARCH_USER_PATHS = NO;
				CLANG_ANALYZER_NONNULL = YES;
				CLANG_ANALYZER_NUMBER_OBJECT_CONVERSION = YES_AGGRESSIVE;
				CLANG_CXX_LANGUAGE_STANDARD = "gnu++0x";
				CLANG_CXX_LIBRARY = "libc++";
				CLANG_ENABLE_MODULES = YES;
				CLANG_ENABLE_OBJC_ARC = YES;
				CLANG_WARN_BOOL_CONVERSION = YES;
				CLANG_WARN_CONSTANT_CONVERSION = YES;
				CLANG_WARN_DIRECT_OBJC_ISA_USAGE = YES_ERROR;
				CLANG_WARN_DOCUMENTATION_COMMENTS = YES;
				CLANG_WARN_EMPTY_BODY = YES;
				CLANG_WARN_ENUM_CONVERSION = YES;
				CLANG_WARN_INFINITE_RECURSION = YES;
				CLANG_WARN_INT_CONVERSION = YES;
				CLANG_WARN_OBJC_ROOT_CLASS = YES_ERROR;
				CLANG_WARN_SUSPICIOUS_MOVE = YES;
				CLANG_WARN_UNREACHABLE_CODE = YES;
				CLANG_WARN__DUPLICATE_METHOD_MATCH = YES;
				"CODE_SIGN_IDENTITY[sdk=iphoneos*]" = "iPhone Developer";
				COPY_PHASE_STRIP = NO;
				DEBUG_INFORMATION_FORMAT = "dwarf-with-dsym";
				ENABLE_NS_ASSERTIONS = NO;
				ENABLE_STRICT_OBJC_MSGSEND = YES;
				GCC_C_LANGUAGE_STANDARD = gnu99;
				GCC_NO_COMMON_BLOCKS = YES;
				GCC_WARN_64_TO_32_BIT_CONVERSION = YES;
				GCC_WARN_ABOUT_RETURN_TYPE = YES_ERROR;
				GCC_WARN_UNDECLARED_SELECTOR = YES;
				GCC_WARN_UNINITIALIZED_AUTOS = YES_AGGRESSIVE;
				GCC_WARN_UNUSED_FUNCTION = YES;
				GCC_WARN_UNUSED_VARIABLE = YES;
				IPHONEOS_DEPLOYMENT_TARGET = 10.3;
				MTL_ENABLE_DEBUG_INFO = NO;
				SDKROOT = iphoneos;
				SWIFT_OPTIMIZATION_LEVEL = "-Owholemodule";
				TARGETED_DEVICE_FAMILY = "1,2";
				VALIDATE_PRODUCT = YES;
			};
			name = Release;
		};
		C1CC04821EC042D5004C4537 /* Debug */ = {
			isa = XCBuildConfiguration;
			baseConfigurationReference = 16622F4163996F7413BBD792 /* Pods-HackerBooks.debug.xcconfig */;
			buildSettings = {
				ASSETCATALOG_COMPILER_APPICON_NAME = AppIcon;
				DEVELOPMENT_TEAM = 8Y8DX8Q88R;
				INFOPLIST_FILE = HackerBooks/Info.plist;
				IPHONEOS_DEPLOYMENT_TARGET = 9.0;
				LD_RUNPATH_SEARCH_PATHS = "$(inherited) @executable_path/Frameworks";
				PRODUCT_BUNDLE_IDENTIFIER = es.fsgpino.HackerBooks;
				PRODUCT_NAME = "$(TARGET_NAME)";
				PROVISIONING_PROFILE = "fab867fc-850b-4146-be13-c7a8e3b81c8c";
				PROVISIONING_PROFILE_SPECIFIER = "iOS Development: *";
				SWIFT_VERSION = 3.0;
			};
			name = Debug;
		};
		C1CC04831EC042D5004C4537 /* Release */ = {
			isa = XCBuildConfiguration;
			baseConfigurationReference = 276F1C05E3CA6374F7E47E64 /* Pods-HackerBooks.release.xcconfig */;
			buildSettings = {
				ASSETCATALOG_COMPILER_APPICON_NAME = AppIcon;
				"CODE_SIGN_IDENTITY[sdk=iphoneos*]" = "iPhone Distribution";
				DEVELOPMENT_TEAM = 8Y8DX8Q88R;
				INFOPLIST_FILE = HackerBooks/Info.plist;
				IPHONEOS_DEPLOYMENT_TARGET = 9.0;
				LD_RUNPATH_SEARCH_PATHS = "$(inherited) @executable_path/Frameworks";
				PRODUCT_BUNDLE_IDENTIFIER = es.fsgpino.HackerBooks;
				PRODUCT_NAME = "$(TARGET_NAME)";
				PROVISIONING_PROFILE = "0e6352ed-cfed-426a-b5a9-efe7643f0a5f";
				PROVISIONING_PROFILE_SPECIFIER = "iOS Distribution: *";
				SWIFT_VERSION = 3.0;
			};
			name = Release;
		};
		C1CC04851EC042D5004C4537 /* Debug */ = {
			isa = XCBuildConfiguration;
			buildSettings = {
				ALWAYS_EMBED_SWIFT_STANDARD_LIBRARIES = YES;
				BUNDLE_LOADER = "$(TEST_HOST)";
				DEVELOPMENT_TEAM = 8Y8DX8Q88R;
				INFOPLIST_FILE = HackerBooksTests/Info.plist;
				LD_RUNPATH_SEARCH_PATHS = "$(inherited) @executable_path/Frameworks @loader_path/Frameworks";
				PRODUCT_BUNDLE_IDENTIFIER = es.fsgpino.HackerBooksTests;
				PRODUCT_NAME = "$(TARGET_NAME)";
				SWIFT_VERSION = 3.0;
				TEST_HOST = "$(BUILT_PRODUCTS_DIR)/HackerBooks.app/HackerBooks";
			};
			name = Debug;
		};
		C1CC04861EC042D5004C4537 /* Release */ = {
			isa = XCBuildConfiguration;
			buildSettings = {
				ALWAYS_EMBED_SWIFT_STANDARD_LIBRARIES = YES;
				BUNDLE_LOADER = "$(TEST_HOST)";
				DEVELOPMENT_TEAM = 8Y8DX8Q88R;
				INFOPLIST_FILE = HackerBooksTests/Info.plist;
				LD_RUNPATH_SEARCH_PATHS = "$(inherited) @executable_path/Frameworks @loader_path/Frameworks";
				PRODUCT_BUNDLE_IDENTIFIER = es.fsgpino.HackerBooksTests;
				PRODUCT_NAME = "$(TARGET_NAME)";
				SWIFT_VERSION = 3.0;
				TEST_HOST = "$(BUILT_PRODUCTS_DIR)/HackerBooks.app/HackerBooks";
			};
			name = Release;
		};
/* End XCBuildConfiguration section */

/* Begin XCConfigurationList section */
		C1CC045F1EC042D4004C4537 /* Build configuration list for PBXProject "HackerBooks" */ = {
			isa = XCConfigurationList;
			buildConfigurations = (
				C1CC047F1EC042D5004C4537 /* Debug */,
				C1CC04801EC042D5004C4537 /* Release */,
			);
			defaultConfigurationIsVisible = 0;
			defaultConfigurationName = Release;
		};
		C1CC04811EC042D5004C4537 /* Build configuration list for PBXNativeTarget "HackerBooks" */ = {
			isa = XCConfigurationList;
			buildConfigurations = (
				C1CC04821EC042D5004C4537 /* Debug */,
				C1CC04831EC042D5004C4537 /* Release */,
			);
			defaultConfigurationIsVisible = 0;
			defaultConfigurationName = Release;
		};
		C1CC04841EC042D5004C4537 /* Build configuration list for PBXNativeTarget "HackerBooksTests" */ = {
			isa = XCConfigurationList;
			buildConfigurations = (
				C1CC04851EC042D5004C4537 /* Debug */,
				C1CC04861EC042D5004C4537 /* Release */,
			);
			defaultConfigurationIsVisible = 0;
			defaultConfigurationName = Release;
		};
/* End XCConfigurationList section */
	};
	rootObject = C1CC045C1EC042D4004C4537 /* Project object */;
}
